
Microsoft Visual Studio Solution File, Format Version 11.00
# Visual Studio 2010
Project("{FAE04EC0-301F-11D3-BF4B-00C04F79EFBC}") = "QuizSystem", "QuizSystem\QuizSystem.csproj", "{0AEE0B9E-EBE2-4724-B11B-BCFDCFE143FD}"
EndProject
Project("{2150E333-8FDC-42A3-9474-1A3956D46DE8}") = "Classes", "Classes", "{00521308-9ED4-42BB-8312-497FE62BA6D6}"
EndProject
Project("{2150E333-8FDC-42A3-9474-1A3956D46DE8}") = "Foams", "Foams", "{E2BE3378-FE4E-4B33-8D0A-9130B68A319B}"
EndProject
Global
	GlobalSection(SolutionConfigurationPlatforms) = preSolution
		Debug|x86 = Debug|x86
		Release|x86 = Release|x86
	EndGlobalSection
	GlobalSection(ProjectConfigurationPlatforms) = postSolution
		{0AEE0B9E-EBE2-4724-B11B-BCFDCFE143FD}.Debug|x86.ActiveCfg = Debug|x86
		{0AEE0B9E-EBE2-4724-B11B-BCFDCFE143FD}.Debug|x86.Build.0 = Debug|x86
		{0AEE0B9E-EBE2-4724-B11B-BCFDCFE143FD}.Release|x86.ActiveCfg = Release|x86
		{0AEE0B9E-EBE2-4724-B11B-BCFDCFE143FD}.Release|x86.Build.0 = Release|x86
	EndGlobalSection
	GlobalSection(SolutionProperties) = preSolution
		HideSolutionNode = FALSE
	EndGlobalSection
EndGlobal
